
Microsoft Visual Studio Solution File, Format Version 11.00
# Visual Studio 2010
Project("{FAE04EC0-301F-11D3-BF4B-00C04F79EFBC}") = "moving", "Assembly-CSharp.csproj", "{85CEA7BA-F65E-7687-D8A4-DC42CD2E83F5}"
EndProject
Project("{FAE04EC0-301F-11D3-BF4B-00C04F79EFBC}") = "moving", "Assembly-CSharp-Editor.csproj", "{67E3F2C3-6E0B-F779-AC6B-C0327DF6804F}"
EndProject
Global
	GlobalSection(SolutionConfigurationPlatforms) = preSolution
		Debug|Any CPU = Debug|Any CPU
		Release|Any CPU = Release|Any CPU
	EndGlobalSection
	GlobalSection(ProjectConfigurationPlatforms) = postSolution
		{85CEA7BA-F65E-7687-D8A4-DC42CD2E83F5}.Debug|Any CPU.ActiveCfg = Debug|Any CPU
		{85CEA7BA-F65E-7687-D8A4-DC42CD2E83F5}.Debug|Any CPU.Build.0 = Debug|Any CPU
		{85CEA7BA-F65E-7687-D8A4-DC42CD2E83F5}.Release|Any CPU.ActiveCfg = Release|Any CPU
		{85CEA7BA-F65E-7687-D8A4-DC42CD2E83F5}.Release|Any CPU.Build.0 = Release|Any CPU
		{67E3F2C3-6E0B-F779-AC6B-C0327DF6804F}.Debug|Any CPU.ActiveCfg = Debug|Any CPU
		{67E3F2C3-6E0B-F779-AC6B-C0327DF6804F}.Debug|Any CPU.Build.0 = Debug|Any CPU
		{67E3F2C3-6E0B-F779-AC6B-C0327DF6804F}.Release|Any CPU.ActiveCfg = Release|Any CPU
		{67E3F2C3-6E0B-F779-AC6B-C0327DF6804F}.Release|Any CPU.Build.0 = Release|Any CPU
	EndGlobalSection
	GlobalSection(SolutionProperties) = preSolution
		HideSolutionNode = FALSE
	EndGlobalSection
	GlobalSection(MonoDevelopProperties) = preSolution
		StartupItem = Assembly-CSharp.csproj
	EndGlobalSection
EndGlobal
