
Microsoft Visual Studio Solution File, Format Version 12.00
# Visual Studio 2017
Project("{FAE04EC0-301F-11D3-BF4B-00C04F79EFBC}") = "moving", "moving.csproj", "{F86D85F5-7155-EC40-566B-6F6FC6749CEF}"
EndProject
Project("{FAE04EC0-301F-11D3-BF4B-00C04F79EFBC}") = "moving.Editor", "moving.Editor.csproj", "{AD78D857-A05C-77C4-294C-03DD9D096509}"
EndProject
Global
	GlobalSection(SolutionConfigurationPlatforms) = preSolution
		Debug|Any CPU = Debug|Any CPU
		Release|Any CPU = Release|Any CPU
	EndGlobalSection
	GlobalSection(ProjectConfigurationPlatforms) = postSolution
		{F86D85F5-7155-EC40-566B-6F6FC6749CEF}.Debug|Any CPU.ActiveCfg = Debug|Any CPU
		{F86D85F5-7155-EC40-566B-6F6FC6749CEF}.Debug|Any CPU.Build.0 = Debug|Any CPU
		{F86D85F5-7155-EC40-566B-6F6FC6749CEF}.Release|Any CPU.ActiveCfg = Release|Any CPU
		{F86D85F5-7155-EC40-566B-6F6FC6749CEF}.Release|Any CPU.Build.0 = Release|Any CPU
		{AD78D857-A05C-77C4-294C-03DD9D096509}.Debug|Any CPU.ActiveCfg = Debug|Any CPU
		{AD78D857-A05C-77C4-294C-03DD9D096509}.Debug|Any CPU.Build.0 = Debug|Any CPU
		{AD78D857-A05C-77C4-294C-03DD9D096509}.Release|Any CPU.ActiveCfg = Release|Any CPU
		{AD78D857-A05C-77C4-294C-03DD9D096509}.Release|Any CPU.Build.0 = Release|Any CPU
	EndGlobalSection
	GlobalSection(SolutionProperties) = preSolution
		HideSolutionNode = FALSE
	EndGlobalSection
EndGlobal
